{
  "name": "image-optimize-cli",
  "version": "0.0.0",
  "lockfileVersion": 3,
  "requires": true,
  "packages": {
    "": {
      "name": "image-optimize-cli",
      "version": "0.0.0",
      "license": "MIT",
      "devDependencies": {
        "prettier": "^3.3.3",
        "typescript": "^5.5.4",
        "vue-tsc": "^2.0.28"
      },
      "peerDependencies": {
        "@angular/core": "^18.1.1",
        "react": "^18.0.0",
        "vue": "^3.4.33"
      }
    },
    "node_modules/@angular/core": {
      "version": "18.1.1",
      "license": "MIT",
      "peer": true,
      "dependencies": {
        "tslib": "^2.3.0"
      },
      "engines": {
        "node": "^18.19.1 || ^20.11.1 || >=22.0.0"
      },
      "peerDependencies": {
        "rxjs": "^6.5.3 || ^7.4.0",
        "zone.js": "~0.14.0"
      }
    },
    "node_modules/@babel/parser": {
      "version": "7.24.8",
      "license": "MIT",
      "bin": {
        "parser": "bin/babel-parser.js"
      },
      "engines": {
        "node": ">=6.0.0"
      }
    },
    "node_modules/@jridgewell/sourcemap-codec": {
      "version": "1.5.0",
      "license": "MIT",
      "peer": true
    },
    "node_modules/@volar/language-core": {
      "version": "2.4.5",
      "resolved": "https://registry.npmjs.org/@volar/language-core/-/language-core-2.4.5.tgz",
      "integrity": "sha512-F4tA0DCO5Q1F5mScHmca0umsi2ufKULAnMOVBfMsZdT4myhVl4WdKRwCaKcfOkIEuyrAVvtq1ESBdZ+rSyLVww==",
      "dev": true,
      "dependencies": {
        "@volar/source-map": "2.4.5"
      }
    },
    "node_modules/@volar/source-map": {
      "version": "2.4.5",
      "resolved": "https://registry.npmjs.org/@volar/source-map/-/source-map-2.4.5.tgz",
      "integrity": "sha512-varwD7RaKE2J/Z+Zu6j3mNNJbNT394qIxXwdvz/4ao/vxOfyClZpSDtLKkwWmecinkOVos5+PWkWraelfMLfpw==",
      "dev": true
    },
    "node_modules/@volar/typescript": {
      "version": "2.4.5",
      "resolved": "https://registry.npmjs.org/@volar/typescript/-/typescript-2.4.5.tgz",
      "integrity": "sha512-mcT1mHvLljAEtHviVcBuOyAwwMKz1ibXTi5uYtP/pf4XxoAzpdkQ+Br2IC0NPCvLCbjPZmbf3I0udndkfB1CDg==",
      "dev": true,
      "dependencies": {
        "@volar/language-core": "2.4.5",
        "path-browserify": "^1.0.1",
        "vscode-uri": "^3.0.8"
      }
    },
    "node_modules/@vue/compiler-core": {
      "version": "3.4.33",
      "license": "MIT",
      "dependencies": {
        "@babel/parser": "^7.24.7",
        "@vue/shared": "3.4.33",
        "entities": "^4.5.0",
        "estree-walker": "^2.0.2",
        "source-map-js": "^1.2.0"
      }
    },
    "node_modules/@vue/compiler-dom": {
      "version": "3.4.33",
      "license": "MIT",
      "dependencies": {
        "@vue/compiler-core": "3.4.33",
        "@vue/shared": "3.4.33"
      }
    },
    "node_modules/@vue/compiler-sfc": {
      "version": "3.4.33",
      "license": "MIT",
      "peer": true,
      "dependencies": {
        "@babel/parser": "^7.24.7",
        "@vue/compiler-core": "3.4.33",
        "@vue/compiler-dom": "3.4.33",
        "@vue/compiler-ssr": "3.4.33",
        "@vue/shared": "3.4.33",
        "estree-walker": "^2.0.2",
        "magic-string": "^0.30.10",
        "postcss": "^8.4.39",
        "source-map-js": "^1.2.0"
      }
    },
    "node_modules/@vue/compiler-ssr": {
      "version": "3.4.33",
      "license": "MIT",
      "peer": true,
      "dependencies": {
        "@vue/compiler-dom": "3.4.33",
        "@vue/shared": "3.4.33"
      }
    },
    "node_modules/@vue/compiler-vue2": {
      "version": "2.7.16",
      "resolved": "https://registry.npmjs.org/@vue/compiler-vue2/-/compiler-vue2-2.7.16.tgz",
      "integrity": "sha512-qYC3Psj9S/mfu9uVi5WvNZIzq+xnXMhOwbTFKKDD7b1lhpnn71jXSFdTQ+WsIEk0ONCd7VV2IMm7ONl6tbQ86A==",
      "dev": true,
      "dependencies": {
        "de-indent": "^1.0.2",
        "he": "^1.2.0"
      }
    },
    "node_modules/@vue/language-core": {
      "version": "2.1.6",
      "resolved": "https://registry.npmjs.org/@vue/language-core/-/language-core-2.1.6.tgz",
      "integrity": "sha512-MW569cSky9R/ooKMh6xa2g1D0AtRKbL56k83dzus/bx//RDJk24RHWkMzbAlXjMdDNyxAaagKPRquBIxkxlCkg==",
      "dev": true,
      "dependencies": {
        "@volar/language-core": "~2.4.1",
        "@vue/compiler-dom": "^3.4.0",
        "@vue/compiler-vue2": "^2.7.16",
        "@vue/shared": "^3.4.0",
        "computeds": "^0.0.1",
        "minimatch": "^9.0.3",
        "muggle-string": "^0.4.1",
        "path-browserify": "^1.0.1"
      },
      "peerDependencies": {
        "typescript": "*"
      },
      "peerDependenciesMeta": {
        "typescript": {
          "optional": true
        }
      }
    },
    "node_modules/@vue/reactivity": {
      "version": "3.4.33",
      "license": "MIT",
      "peer": true,
      "dependencies": {
        "@vue/shared": "3.4.33"
      }
    },
    "node_modules/@vue/runtime-core": {
      "version": "3.4.33",
      "license": "MIT",
      "peer": true,
      "dependencies": {
        "@vue/reactivity": "3.4.33",
        "@vue/shared": "3.4.33"
      }
    },
    "node_modules/@vue/runtime-dom": {
      "version": "3.4.33",
      "license": "MIT",
      "peer": true,
      "dependencies": {
        "@vue/reactivity": "3.4.33",
        "@vue/runtime-core": "3.4.33",
        "@vue/shared": "3.4.33",
        "csstype": "^3.1.3"
      }
    },
    "node_modules/@vue/server-renderer": {
      "version": "3.4.33",
      "license": "MIT",
      "peer": true,
      "dependencies": {
        "@vue/compiler-ssr": "3.4.33",
        "@vue/shared": "3.4.33"
      },
      "peerDependencies": {
        "vue": "3.4.33"
      }
    },
    "node_modules/@vue/shared": {
      "version": "3.4.33",
      "license": "MIT"
    },
    "node_modules/balanced-match": {
      "version": "1.0.2",
      "resolved": "https://registry.npmjs.org/balanced-match/-/balanced-match-1.0.2.tgz",
      "integrity": "sha512-3oSeUO0TMV67hN1AmbXsK4yaqU7tjiHlbxRDZOpH0KW9+CeX4bRAaX0Anxt0tx2MrpRpWwQaPwIlISEJhYU5Pw==",
      "dev": true
    },
    "node_modules/brace-expansion": {
      "version": "2.0.1",
      "resolved": "https://registry.npmjs.org/brace-expansion/-/brace-expansion-2.0.1.tgz",
      "integrity": "sha512-XnAIvQ8eM+kC6aULx6wuQiwVsnzsi9d3WxzV3FpWTGA19F621kwdbsAcFKXgKUHZWsy+mY6iL1sHTxWEFCytDA==",
      "dev": true,
      "dependencies": {
        "balanced-match": "^1.0.0"
      }
    },
    "node_modules/computeds": {
      "version": "0.0.1",
      "resolved": "https://registry.npmjs.org/computeds/-/computeds-0.0.1.tgz",
      "integrity": "sha512-7CEBgcMjVmitjYo5q8JTJVra6X5mQ20uTThdK+0kR7UEaDrAWEQcRiBtWJzga4eRpP6afNwwLsX2SET2JhVB1Q==",
      "dev": true
    },
    "node_modules/csstype": {
      "version": "3.1.3",
      "license": "MIT",
      "peer": true
    },
    "node_modules/de-indent": {
      "version": "1.0.2",
      "resolved": "https://registry.npmjs.org/de-indent/-/de-indent-1.0.2.tgz",
      "integrity": "sha512-e/1zu3xH5MQryN2zdVaF0OrdNLUbvWxzMbi+iNA6Bky7l1RoP8a2fIbRocyHclXt/arDrrR6lL3TqFD9pMQTsg==",
      "dev": true
    },
    "node_modules/entities": {
      "version": "4.5.0",
      "license": "BSD-2-Clause",
      "engines": {
        "node": ">=0.12"
      },
      "funding": {
        "url": "https://github.com/fb55/entities?sponsor=1"
      }
    },
    "node_modules/estree-walker": {
      "version": "2.0.2",
      "license": "MIT"
    },
    "node_modules/he": {
      "version": "1.2.0",
      "resolved": "https://registry.npmjs.org/he/-/he-1.2.0.tgz",
      "integrity": "sha512-F/1DnUGPopORZi0ni+CvrCgHQ5FyEAHRLSApuYWMmrbSwoN2Mn/7k+Gl38gJnR7yyDZk6WLXwiGod1JOWNDKGw==",
      "dev": true,
      "bin": {
        "he": "bin/he"
      }
    },
    "node_modules/js-tokens": {
      "version": "4.0.0",
      "resolved": "https://registry.npmjs.org/js-tokens/-/js-tokens-4.0.0.tgz",
      "integrity": "sha512-RdJUflcE3cUzKiMqQgsCu06FPu9UdIJO0beYbPhHN4k6apgJtifcoCtT9bcxOpYBtpD2kCM6Sbzg4CausW/PKQ==",
      "peer": true
    },
    "node_modules/loose-envify": {
      "version": "1.4.0",
      "resolved": "https://registry.npmjs.org/loose-envify/-/loose-envify-1.4.0.tgz",
      "integrity": "sha512-lyuxPGr/Wfhrlem2CL/UcnUc1zcqKAImBDzukY7Y5F/yQiNdko6+fRLevlw1HgMySw7f611UIY408EtxRSoK3Q==",
      "peer": true,
      "dependencies": {
        "js-tokens": "^3.0.0 || ^4.0.0"
      },
      "bin": {
        "loose-envify": "cli.js"
      }
    },
    "node_modules/magic-string": {
      "version": "0.30.10",
      "license": "MIT",
      "peer": true,
      "dependencies": {
        "@jridgewell/sourcemap-codec": "^1.4.15"
      }
    },
    "node_modules/minimatch": {
      "version": "9.0.5",
      "resolved": "https://registry.npmjs.org/minimatch/-/minimatch-9.0.5.tgz",
      "integrity": "sha512-G6T0ZX48xgozx7587koeX9Ys2NYy6Gmv//P89sEte9V9whIapMNF4idKxnW2QtCcLiTWlb/wfCabAtAFWhhBow==",
      "dev": true,
      "dependencies": {
        "brace-expansion": "^2.0.1"
      },
      "engines": {
        "node": ">=16 || 14 >=14.17"
      },
      "funding": {
        "url": "https://github.com/sponsors/isaacs"
      }
    },
    "node_modules/muggle-string": {
      "version": "0.4.1",
      "resolved": "https://registry.npmjs.org/muggle-string/-/muggle-string-0.4.1.tgz",
      "integrity": "sha512-VNTrAak/KhO2i8dqqnqnAHOa3cYBwXEZe9h+D5h/1ZqFSTEFHdM65lR7RoIqq3tBBYavsOXV84NoHXZ0AkPyqQ==",
      "dev": true
    },
    "node_modules/nanoid": {
      "version": "3.3.7",
      "funding": [
        {
          "type": "github",
          "url": "https://github.com/sponsors/ai"
        }
      ],
      "license": "MIT",
      "peer": true,
      "bin": {
        "nanoid": "bin/nanoid.cjs"
      },
      "engines": {
        "node": "^10 || ^12 || ^13.7 || ^14 || >=15.0.1"
      }
    },
    "node_modules/path-browserify": {
      "version": "1.0.1",
      "resolved": "https://registry.npmjs.org/path-browserify/-/path-browserify-1.0.1.tgz",
      "integrity": "sha512-b7uo2UCUOYZcnF/3ID0lulOJi/bafxa1xPe7ZPsammBSpjSWQkjNxlt635YGS2MiR9GjvuXCtz2emr3jbsz98g==",
      "dev": true
    },
    "node_modules/picocolors": {
      "version": "1.0.1",
      "license": "ISC",
      "peer": true
    },
    "node_modules/postcss": {
      "version": "8.4.39",
      "funding": [
        {
          "type": "opencollective",
          "url": "https://opencollective.com/postcss/"
        },
        {
          "type": "tidelift",
          "url": "https://tidelift.com/funding/github/npm/postcss"
        },
        {
          "type": "github",
          "url": "https://github.com/sponsors/ai"
        }
      ],
      "license": "MIT",
      "peer": true,
      "dependencies": {
        "nanoid": "^3.3.7",
        "picocolors": "^1.0.1",
        "source-map-js": "^1.2.0"
      },
      "engines": {
        "node": "^10 || ^12 || >=14"
      }
    },
    "node_modules/prettier": {
      "version": "3.3.3",
      "resolved": "https://registry.npmjs.org/prettier/-/prettier-3.3.3.tgz",
      "integrity": "sha512-i2tDNA0O5IrMO757lfrdQZCc2jPNDVntV0m/+4whiDfWaTKfMNgR7Qz0NAeGz/nRqF4m5/6CLzbP4/liHt12Ew==",
      "dev": true,
      "bin": {
        "prettier": "bin/prettier.cjs"
      },
      "engines": {
        "node": ">=14"
      },
      "funding": {
        "url": "https://github.com/prettier/prettier?sponsor=1"
      }
    },
    "node_modules/react": {
      "version": "18.3.1",
      "resolved": "https://registry.npmjs.org/react/-/react-18.3.1.tgz",
      "integrity": "sha512-wS+hAgJShR0KhEvPJArfuPVN1+Hz1t0Y6n5jLrGQbkb4urgPE/0Rve+1kMB1v/oWgHgm4WIcV+i7F2pTVj+2iQ==",
      "peer": true,
      "dependencies": {
        "loose-envify": "^1.1.0"
      },
      "engines": {
        "node": ">=0.10.0"
      }
    },
    "node_modules/rxjs": {
      "version": "7.8.1",
      "license": "Apache-2.0",
      "peer": true,
      "dependencies": {
        "tslib": "^2.1.0"
      }
    },
    "node_modules/semver": {
      "version": "7.6.3",
      "resolved": "https://registry.npmjs.org/semver/-/semver-7.6.3.tgz",
      "integrity": "sha512-oVekP1cKtI+CTDvHWYFUcMtsK/00wmAEfyqKfNdARm8u1wNVhSgaX7A8d4UuIlUI5e84iEwOhs7ZPYRmzU9U6A==",
      "dev": true,
      "bin": {
        "semver": "bin/semver.js"
      },
      "engines": {
        "node": ">=10"
      }
    },
    "node_modules/source-map-js": {
      "version": "1.2.0",
      "license": "BSD-3-Clause",
      "engines": {
        "node": ">=0.10.0"
      }
    },
    "node_modules/tslib": {
      "version": "2.6.3",
      "license": "0BSD",
      "peer": true
    },
    "node_modules/typescript": {
      "version": "5.7.2",
      "resolved": "https://registry.npmjs.org/typescript/-/typescript-5.7.2.tgz",
      "integrity": "sha512-i5t66RHxDvVN40HfDd1PsEThGNnlMCMT3jMUuoh9/0TaqWevNontacunWyN02LA9/fIbEWlcHZcgTKb9QoaLfg==",
      "devOptional": true,
      "bin": {
        "tsc": "bin/tsc",
        "tsserver": "bin/tsserver"
      },
      "engines": {
        "node": ">=14.17"
      }
    },
    "node_modules/vscode-uri": {
      "version": "3.0.8",
      "resolved": "https://registry.npmjs.org/vscode-uri/-/vscode-uri-3.0.8.tgz",
      "integrity": "sha512-AyFQ0EVmsOZOlAnxoFOGOq1SQDWAB7C6aqMGS23svWAllfOaxbuFvcT8D1i8z3Gyn8fraVeZNNmN6e9bxxXkKw==",
      "dev": true
    },
    "node_modules/vue": {
      "version": "3.4.33",
      "license": "MIT",
      "peer": true,
      "dependencies": {
        "@vue/compiler-dom": "3.4.33",
        "@vue/compiler-sfc": "3.4.33",
        "@vue/runtime-dom": "3.4.33",
        "@vue/server-renderer": "3.4.33",
        "@vue/shared": "3.4.33"
      },
      "peerDependencies": {
        "typescript": "*"
      },
      "peerDependenciesMeta": {
        "typescript": {
          "optional": true
        }
      }
    },
    "node_modules/vue-tsc": {
      "version": "2.1.6",
      "resolved": "https://registry.npmjs.org/vue-tsc/-/vue-tsc-2.1.6.tgz",
      "integrity": "sha512-f98dyZp5FOukcYmbFpuSCJ4Z0vHSOSmxGttZJCsFeX0M4w/Rsq0s4uKXjcSRsZqsRgQa6z7SfuO+y0HVICE57Q==",
      "dev": true,
      "dependencies": {
        "@volar/typescript": "~2.4.1",
        "@vue/language-core": "2.1.6",
        "semver": "^7.5.4"
      },
      "bin": {
        "vue-tsc": "bin/vue-tsc.js"
      },
      "peerDependencies": {
        "typescript": ">=5.0.0"
      }
    },
    "node_modules/zone.js": {
      "version": "0.14.8",
      "license": "MIT",
      "peer": true
    }
  }
}
